// !$*UTF8*$!
{
	archiveVersion = 1;
	classes = {
	};
	objectVersion = 51;
	objects = {

/* Begin PBXBuildFile section */
		6580DE48264C144900EC8EB9 /* AppDelegate.swift in Sources */ = {isa = PBXBuildFile; fileRef = 6580DE47264C144900EC8EB9 /* AppDelegate.swift */; };
		6580DE4A264C144900EC8EB9 /* SceneDelegate.swift in Sources */ = {isa = PBXBuildFile; fileRef = 6580DE49264C144900EC8EB9 /* SceneDelegate.swift */; };
		6580DE4C264C144900EC8EB9 /* ViewController.swift in Sources */ = {isa = PBXBuildFile; fileRef = 6580DE4B264C144900EC8EB9 /* ViewController.swift */; };
		6580DE4F264C144900EC8EB9 /* Main.storyboard in Resources */ = {isa = PBXBuildFile; fileRef = 6580DE4D264C144900EC8EB9 /* Main.storyboard */; };
		6580DE51264C144A00EC8EB9 /* Assets.xcassets in Resources */ = {isa = PBXBuildFile; fileRef = 6580DE50264C144A00EC8EB9 /* Assets.xcassets */; };
		6580DE54264C144A00EC8EB9 /* LaunchScreen.storyboard in Resources */ = {isa = PBXBuildFile; fileRef = 6580DE52264C144A00EC8EB9 /* LaunchScreen.storyboard */; };
		6580DE69264C196F00EC8EB9 /* BarChartView.swift in Sources */ = {isa = PBXBuildFile; fileRef = 6580DE68264C196F00EC8EB9 /* BarChartView.swift */; };
		6580DE6B264ED64E00EC8EB9 /* FilesView.swift in Sources */ = {isa = PBXBuildFile; fileRef = 6580DE6A264ED64D00EC8EB9 /* FilesView.swift */; };
		6580DE6D264ED66000EC8EB9 /* MeasurmentsView.swift in Sources */ = {isa = PBXBuildFile; fileRef = 6580DE6C264ED66000EC8EB9 /* MeasurmentsView.swift */; };
		6580DE702651A94100EC8EB9 /* AboutView.swift in Sources */ = {isa = PBXBuildFile; fileRef = 6580DE6F2651A94100EC8EB9 /* AboutView.swift */; };
		6580DE742655444700EC8EB9 /* FilesHandlerViewModel.swift in Sources */ = {isa = PBXBuildFile; fileRef = 6580DE732655444700EC8EB9 /* FilesHandlerViewModel.swift */; };
		6580DE772655B42100EC8EB9 /* FilesGroupModel.swift in Sources */ = {isa = PBXBuildFile; fileRef = 6580DE762655B42100EC8EB9 /* FilesGroupModel.swift */; };
		A8D2C057F1A8FD6984AF089E /* Pods_SwiftDataAcquisition.framework in Frameworks */ = {isa = PBXBuildFile; fileRef = 5C21265EF47BF8FBAD6969BB /* Pods_SwiftDataAcquisition.framework */; };
/* End PBXBuildFile section */

/* Begin PBXContainerItemProxy section */
		6580DE60264C16F700EC8EB9 /* PBXContainerItemProxy */ = {
			isa = PBXContainerItemProxy;
			containerPortal = 6580DE5B264C16F700EC8EB9 /* Pods.xcodeproj */;
			proxyType = 2;
			remoteGlobalIDString = A1C1B977ED8804E8AEEC884E7359EE58;
			remoteInfo = Charts;
		};
		6580DE62264C16F700EC8EB9 /* PBXContainerItemProxy */ = {
			isa = PBXContainerItemProxy;
			containerPortal = 6580DE5B264C16F700EC8EB9 /* Pods.xcodeproj */;
			proxyType = 2;
			remoteGlobalIDString = 34F2151B8BB3A522336ACA8072B064F4;
			remoteInfo = "Pods-SwiftDataAcquisition";
		};
/* End PBXContainerItemProxy section */

/* Begin PBXFileReference section */
		46371620BD58896A3A4DE3EF /* Pods-SwiftDataAcquisition.release.xcconfig */ = {isa = PBXFileReference; includeInIndex = 1; lastKnownFileType = text.xcconfig; name = "Pods-SwiftDataAcquisition.release.xcconfig"; path = "Target Support Files/Pods-SwiftDataAcquisition/Pods-SwiftDataAcquisition.release.xcconfig"; sourceTree = "<group>"; };
		4AEC4B8AF8EAE14E73611C2A /* Pods-SwiftDataAcquisition.debug.xcconfig */ = {isa = PBXFileReference; includeInIndex = 1; lastKnownFileType = text.xcconfig; name = "Pods-SwiftDataAcquisition.debug.xcconfig"; path = "Target Support Files/Pods-SwiftDataAcquisition/Pods-SwiftDataAcquisition.debug.xcconfig"; sourceTree = "<group>"; };
		5C21265EF47BF8FBAD6969BB /* Pods_SwiftDataAcquisition.framework */ = {isa = PBXFileReference; explicitFileType = wrapper.framework; includeInIndex = 0; path = Pods_SwiftDataAcquisition.framework; sourceTree = BUILT_PRODUCTS_DIR; };
		6580DE44264C144900EC8EB9 /* SwiftDataAcquisition.app */ = {isa = PBXFileReference; explicitFileType = wrapper.application; includeInIndex = 0; path = SwiftDataAcquisition.app; sourceTree = BUILT_PRODUCTS_DIR; };
		6580DE47264C144900EC8EB9 /* AppDelegate.swift */ = {isa = PBXFileReference; lastKnownFileType = sourcecode.swift; path = AppDelegate.swift; sourceTree = "<group>"; };
		6580DE49264C144900EC8EB9 /* SceneDelegate.swift */ = {isa = PBXFileReference; lastKnownFileType = sourcecode.swift; path = SceneDelegate.swift; sourceTree = "<group>"; };
		6580DE4B264C144900EC8EB9 /* ViewController.swift */ = {isa = PBXFileReference; lastKnownFileType = sourcecode.swift; path = ViewController.swift; sourceTree = "<group>"; };
		6580DE4E264C144900EC8EB9 /* Base */ = {isa = PBXFileReference; lastKnownFileType = file.storyboard; name = Base; path = Base.lproj/Main.storyboard; sourceTree = "<group>"; };
		6580DE50264C144A00EC8EB9 /* Assets.xcassets */ = {isa = PBXFileReference; lastKnownFileType = folder.assetcatalog; path = Assets.xcassets; sourceTree = "<group>"; };
		6580DE53264C144A00EC8EB9 /* Base */ = {isa = PBXFileReference; lastKnownFileType = file.storyboard; name = Base; path = Base.lproj/LaunchScreen.storyboard; sourceTree = "<group>"; };
		6580DE55264C144A00EC8EB9 /* Info.plist */ = {isa = PBXFileReference; lastKnownFileType = text.plist.xml; path = Info.plist; sourceTree = "<group>"; };
		6580DE5B264C16F700EC8EB9 /* Pods.xcodeproj */ = {isa = PBXFileReference; lastKnownFileType = "wrapper.pb-project"; name = Pods.xcodeproj; path = Pods/Pods.xcodeproj; sourceTree = "<group>"; };
		6580DE68264C196F00EC8EB9 /* BarChartView.swift */ = {isa = PBXFileReference; lastKnownFileType = sourcecode.swift; path = BarChartView.swift; sourceTree = "<group>"; };
		6580DE6A264ED64D00EC8EB9 /* FilesView.swift */ = {isa = PBXFileReference; lastKnownFileType = sourcecode.swift; path = FilesView.swift; sourceTree = "<group>"; };
		6580DE6C264ED66000EC8EB9 /* MeasurmentsView.swift */ = {isa = PBXFileReference; lastKnownFileType = sourcecode.swift; path = MeasurmentsView.swift; sourceTree = "<group>"; };
		6580DE6F2651A94100EC8EB9 /* AboutView.swift */ = {isa = PBXFileReference; lastKnownFileType = sourcecode.swift; path = AboutView.swift; sourceTree = "<group>"; };
		6580DE732655444700EC8EB9 /* FilesHandlerViewModel.swift */ = {isa = PBXFileReference; lastKnownFileType = sourcecode.swift; path = FilesHandlerViewModel.swift; sourceTree = "<group>"; };
		6580DE762655B42100EC8EB9 /* FilesGroupModel.swift */ = {isa = PBXFileReference; lastKnownFileType = sourcecode.swift; path = FilesGroupModel.swift; sourceTree = "<group>"; };
/* End PBXFileReference section */

/* Begin PBXFrameworksBuildPhase section */
		6580DE41264C144900EC8EB9 /* Frameworks */ = {
			isa = PBXFrameworksBuildPhase;
			buildActionMask = 2147483647;
			files = (
				A8D2C057F1A8FD6984AF089E /* Pods_SwiftDataAcquisition.framework in Frameworks */,
			);
			runOnlyForDeploymentPostprocessing = 0;
		};
/* End PBXFrameworksBuildPhase section */

/* Begin PBXGroup section */
		1566B745D20556B89F6AA27D /* Pods */ = {
			isa = PBXGroup;
			children = (
				4AEC4B8AF8EAE14E73611C2A /* Pods-SwiftDataAcquisition.debug.xcconfig */,
				46371620BD58896A3A4DE3EF /* Pods-SwiftDataAcquisition.release.xcconfig */,
			);
			path = Pods;
			sourceTree = "<group>";
		};
		6580DE3B264C144900EC8EB9 = {
			isa = PBXGroup;
			children = (
				6580DE46264C144900EC8EB9 /* SwiftDataAcquisition */,
				6580DE45264C144900EC8EB9 /* Products */,
				1566B745D20556B89F6AA27D /* Pods */,
				E111C1674519A1BD74C756B9 /* Frameworks */,
			);
			sourceTree = "<group>";
		};
		6580DE45264C144900EC8EB9 /* Products */ = {
			isa = PBXGroup;
			children = (
				6580DE44264C144900EC8EB9 /* SwiftDataAcquisition.app */,
			);
			name = Products;
			sourceTree = "<group>";
		};
		6580DE46264C144900EC8EB9 /* SwiftDataAcquisition */ = {
			isa = PBXGroup;
			children = (
				6580DE722655428200EC8EB9 /* Model */,
				6580DE712655427900EC8EB9 /* ViewModels */,
				6580DE6E2651A91600EC8EB9 /* Views */,
				6580DE47264C144900EC8EB9 /* AppDelegate.swift */,
				6580DE49264C144900EC8EB9 /* SceneDelegate.swift */,
				6580DE4D264C144900EC8EB9 /* Main.storyboard */,
				6580DE50264C144A00EC8EB9 /* Assets.xcassets */,
				6580DE52264C144A00EC8EB9 /* LaunchScreen.storyboard */,
				6580DE55264C144A00EC8EB9 /* Info.plist */,
			);
			path = SwiftDataAcquisition;
			sourceTree = "<group>";
		};
		6580DE5C264C16F700EC8EB9 /* Products */ = {
			isa = PBXGroup;
			children = (
				6580DE61264C16F700EC8EB9 /* Charts.framework */,
				6580DE63264C16F700EC8EB9 /* Pods_SwiftDataAcquisition.framework */,
			);
			name = Products;
			sourceTree = "<group>";
		};
		6580DE6E2651A91600EC8EB9 /* Views */ = {
			isa = PBXGroup;
			children = (
				6580DE4B264C144900EC8EB9 /* ViewController.swift */,
				6580DE68264C196F00EC8EB9 /* BarChartView.swift */,
				6580DE6A264ED64D00EC8EB9 /* FilesView.swift */,
				6580DE6C264ED66000EC8EB9 /* MeasurmentsView.swift */,
				6580DE6F2651A94100EC8EB9 /* AboutView.swift */,
			);
			path = Views;
			sourceTree = "<group>";
		};
		6580DE712655427900EC8EB9 /* ViewModels */ = {
			isa = PBXGroup;
			children = (
				6580DE732655444700EC8EB9 /* FilesHandlerViewModel.swift */,
			);
			path = ViewModels;
			sourceTree = "<group>";
		};
		6580DE722655428200EC8EB9 /* Model */ = {
			isa = PBXGroup;
			children = (
				6580DE762655B42100EC8EB9 /* FilesGroupModel.swift */,
			);
			path = Model;
			sourceTree = "<group>";
		};
		E111C1674519A1BD74C756B9 /* Frameworks */ = {
			isa = PBXGroup;
			children = (
				6580DE5B264C16F700EC8EB9 /* Pods.xcodeproj */,
				5C21265EF47BF8FBAD6969BB /* Pods_SwiftDataAcquisition.framework */,
			);
			name = Frameworks;
			sourceTree = "<group>";
		};
/* End PBXGroup section */

/* Begin PBXNativeTarget section */
		6580DE43264C144900EC8EB9 /* SwiftDataAcquisition */ = {
			isa = PBXNativeTarget;
			buildConfigurationList = 6580DE58264C144A00EC8EB9 /* Build configuration list for PBXNativeTarget "SwiftDataAcquisition" */;
			buildPhases = (
				B5F515DF2B3F84406FFC5425 /* [CP] Check Pods Manifest.lock */,
				6580DE40264C144900EC8EB9 /* Sources */,
				6580DE41264C144900EC8EB9 /* Frameworks */,
				6580DE42264C144900EC8EB9 /* Resources */,
				2FB58C450EDC3E8F840DD8A7 /* [CP] Embed Pods Frameworks */,
			);
			buildRules = (
			);
			dependencies = (
			);
			name = SwiftDataAcquisition;
			productName = SwiftDataAcquisition;
			productReference = 6580DE44264C144900EC8EB9 /* SwiftDataAcquisition.app */;
			productType = "com.apple.product-type.application";
		};
/* End PBXNativeTarget section */

/* Begin PBXProject section */
		6580DE3C264C144900EC8EB9 /* Project object */ = {
			isa = PBXProject;
			attributes = {
				LastSwiftUpdateCheck = 1250;
				LastUpgradeCheck = 1250;
				TargetAttributes = {
					6580DE43264C144900EC8EB9 = {
						CreatedOnToolsVersion = 12.5;
					};
				};
			};
			buildConfigurationList = 6580DE3F264C144900EC8EB9 /* Build configuration list for PBXProject "SwiftDataAcquisition" */;
			compatibilityVersion = "Xcode 9.3";
			developmentRegion = en;
			hasScannedForEncodings = 0;
			knownRegions = (
				en,
				Base,
			);
			mainGroup = 6580DE3B264C144900EC8EB9;
			productRefGroup = 6580DE45264C144900EC8EB9 /* Products */;
			projectDirPath = "";
			projectReferences = (
				{
					ProductGroup = 6580DE5C264C16F700EC8EB9 /* Products */;
					ProjectRef = 6580DE5B264C16F700EC8EB9 /* Pods.xcodeproj */;
				},
			);
			projectRoot = "";
			targets = (
				6580DE43264C144900EC8EB9 /* SwiftDataAcquisition */,
			);
		};
/* End PBXProject section */

/* Begin PBXReferenceProxy section */
		6580DE61264C16F700EC8EB9 /* Charts.framework */ = {
			isa = PBXReferenceProxy;
			fileType = wrapper.framework;
			path = Charts.framework;
			remoteRef = 6580DE60264C16F700EC8EB9 /* PBXContainerItemProxy */;
			sourceTree = BUILT_PRODUCTS_DIR;
		};
		6580DE63264C16F700EC8EB9 /* Pods_SwiftDataAcquisition.framework */ = {
			isa = PBXReferenceProxy;
			fileType = wrapper.framework;
			path = Pods_SwiftDataAcquisition.framework;
			remoteRef = 6580DE62264C16F700EC8EB9 /* PBXContainerItemProxy */;
			sourceTree = BUILT_PRODUCTS_DIR;
		};
/* End PBXReferenceProxy section */

/* Begin PBXResourcesBuildPhase section */
		6580DE42264C144900EC8EB9 /* Resources */ = {
			isa = PBXResourcesBuildPhase;
			buildActionMask = 2147483647;
			files = (
				6580DE54264C144A00EC8EB9 /* LaunchScreen.storyboard in Resources */,
				6580DE51264C144A00EC8EB9 /* Assets.xcassets in Resources */,
				6580DE4F264C144900EC8EB9 /* Main.storyboard in Resources */,
			);
			runOnlyForDeploymentPostprocessing = 0;
		};
/* End PBXResourcesBuildPhase section */

/* Begin PBXShellScriptBuildPhase section */
		2FB58C450EDC3E8F840DD8A7 /* [CP] Embed Pods Frameworks */ = {
			isa = PBXShellScriptBuildPhase;
			buildActionMask = 2147483647;
			files = (
			);
			inputFileListPaths = (
				"${PODS_ROOT}/Target Support Files/Pods-SwiftDataAcquisition/Pods-SwiftDataAcquisition-frameworks-${CONFIGURATION}-input-files.xcfilelist",
			);
			name = "[CP] Embed Pods Frameworks";
			outputFileListPaths = (
				"${PODS_ROOT}/Target Support Files/Pods-SwiftDataAcquisition/Pods-SwiftDataAcquisition-frameworks-${CONFIGURATION}-output-files.xcfilelist",
			);
			runOnlyForDeploymentPostprocessing = 0;
			shellPath = /bin/sh;
			shellScript = "\"${PODS_ROOT}/Target Support Files/Pods-SwiftDataAcquisition/Pods-SwiftDataAcquisition-frameworks.sh\"\n";
			showEnvVarsInLog = 0;
		};
		B5F515DF2B3F84406FFC5425 /* [CP] Check Pods Manifest.lock */ = {
			isa = PBXShellScriptBuildPhase;
			buildActionMask = 2147483647;
			files = (
			);
			inputFileListPaths = (
			);
			inputPaths = (
				"${PODS_PODFILE_DIR_PATH}/Podfile.lock",
				"${PODS_ROOT}/Manifest.lock",
			);
			name = "[CP] Check Pods Manifest.lock";
			outputFileListPaths = (
			);
			outputPaths = (
				"$(DERIVED_FILE_DIR)/Pods-SwiftDataAcquisition-checkManifestLockResult.txt",
			);
			runOnlyForDeploymentPostprocessing = 0;
			shellPath = /bin/sh;
			shellScript = "diff \"${PODS_PODFILE_DIR_PATH}/Podfile.lock\" \"${PODS_ROOT}/Manifest.lock\" > /dev/null\nif [ $? != 0 ] ; then\n    # print error to STDERR\n    echo \"error: The sandbox is not in sync with the Podfile.lock. Run 'pod install' or update your CocoaPods installation.\" >&2\n    exit 1\nfi\n# This output is used by Xcode 'outputs' to avoid re-running this script phase.\necho \"SUCCESS\" > \"${SCRIPT_OUTPUT_FILE_0}\"\n";
			showEnvVarsInLog = 0;
		};
/* End PBXShellScriptBuildPhase section */

/* Begin PBXSourcesBuildPhase section */
		6580DE40264C144900EC8EB9 /* Sources */ = {
			isa = PBXSourcesBuildPhase;
			buildActionMask = 2147483647;
			files = (
				6580DE772655B42100EC8EB9 /* FilesGroupModel.swift in Sources */,
				6580DE4C264C144900EC8EB9 /* ViewController.swift in Sources */,
				6580DE702651A94100EC8EB9 /* AboutView.swift in Sources */,
				6580DE48264C144900EC8EB9 /* AppDelegate.swift in Sources */,
				6580DE742655444700EC8EB9 /* FilesHandlerViewModel.swift in Sources */,
				6580DE4A264C144900EC8EB9 /* SceneDelegate.swift in Sources */,
				6580DE69264C196F00EC8EB9 /* BarChartView.swift in Sources */,
				6580DE6B264ED64E00EC8EB9 /* FilesView.swift in Sources */,
				6580DE6D264ED66000EC8EB9 /* MeasurmentsView.swift in Sources */,
			);
			runOnlyForDeploymentPostprocessing = 0;
		};
/* End PBXSourcesBuildPhase section */

/* Begin PBXVariantGroup section */
		6580DE4D264C144900EC8EB9 /* Main.storyboard */ = {
			isa = PBXVariantGroup;
			children = (
				6580DE4E264C144900EC8EB9 /* Base */,
			);
			name = Main.storyboard;
			sourceTree = "<group>";
		};
		6580DE52264C144A00EC8EB9 /* LaunchScreen.storyboard */ = {
			isa = PBXVariantGroup;
			children = (
				6580DE53264C144A00EC8EB9 /* Base */,
			);
			name = LaunchScreen.storyboard;
			sourceTree = "<group>";
		};
/* End PBXVariantGroup section */

/* Begin XCBuildConfiguration section */
		6580DE56264C144A00EC8EB9 /* Debug */ = {
			isa = XCBuildConfiguration;
			buildSettings = {
				ALWAYS_SEARCH_USER_PATHS = NO;
				CLANG_ANALYZER_NONNULL = YES;
				CLANG_ANALYZER_NUMBER_OBJECT_CONVERSION = YES_AGGRESSIVE;
				CLANG_CXX_LANGUAGE_STANDARD = "gnu++14";
				CLANG_CXX_LIBRARY = "libc++";
				CLANG_ENABLE_MODULES = YES;
				CLANG_ENABLE_OBJC_ARC = YES;
				CLANG_ENABLE_OBJC_WEAK = YES;
				CLANG_WARN_BLOCK_CAPTURE_AUTORELEASING = YES;
				CLANG_WARN_BOOL_CONVERSION = YES;
				CLANG_WARN_COMMA = YES;
				CLANG_WARN_CONSTANT_CONVERSION = YES;
				CLANG_WARN_DEPRECATED_OBJC_IMPLEMENTATIONS = YES;
				CLANG_WARN_DIRECT_OBJC_ISA_USAGE = YES_ERROR;
				CLANG_WARN_DOCUMENTATION_COMMENTS = YES;
				CLANG_WARN_EMPTY_BODY = YES;
				CLANG_WARN_ENUM_CONVERSION = YES;
				CLANG_WARN_INFINITE_RECURSION = YES;
				CLANG_WARN_INT_CONVERSION = YES;
				CLANG_WARN_NON_LITERAL_NULL_CONVERSION = YES;
				CLANG_WARN_OBJC_IMPLICIT_RETAIN_SELF = YES;
				CLANG_WARN_OBJC_LITERAL_CONVERSION = YES;
				CLANG_WARN_OBJC_ROOT_CLASS = YES_ERROR;
				CLANG_WARN_QUOTED_INCLUDE_IN_FRAMEWORK_HEADER = YES;
				CLANG_WARN_RANGE_LOOP_ANALYSIS = YES;
				CLANG_WARN_STRICT_PROTOTYPES = YES;
				CLANG_WARN_SUSPICIOUS_MOVE = YES;
				CLANG_WARN_UNGUARDED_AVAILABILITY = YES_AGGRESSIVE;
				CLANG_WARN_UNREACHABLE_CODE = YES;
				CLANG_WARN__DUPLICATE_METHOD_MATCH = YES;
				COPY_PHASE_STRIP = NO;
				DEBUG_INFORMATION_FORMAT = dwarf;
				ENABLE_STRICT_OBJC_MSGSEND = YES;
				ENABLE_TESTABILITY = YES;
				GCC_C_LANGUAGE_STANDARD = gnu11;
				GCC_DYNAMIC_NO_PIC = NO;
				GCC_NO_COMMON_BLOCKS = YES;
				GCC_OPTIMIZATION_LEVEL = 0;
				GCC_PREPROCESSOR_DEFINITIONS = (
					"DEBUG=1",
					"$(inherited)",
				);
				GCC_WARN_64_TO_32_BIT_CONVERSION = YES;
				GCC_WARN_ABOUT_RETURN_TYPE = YES_ERROR;
				GCC_WARN_UNDECLARED_SELECTOR = YES;
				GCC_WARN_UNINITIALIZED_AUTOS = YES_AGGRESSIVE;
				GCC_WARN_UNUSED_FUNCTION = YES;
				GCC_WARN_UNUSED_VARIABLE = YES;
				IPHONEOS_DEPLOYMENT_TARGET = 14.5;
				MTL_ENABLE_DEBUG_INFO = INCLUDE_SOURCE;
				MTL_FAST_MATH = YES;
				ONLY_ACTIVE_ARCH = YES;
				SDKROOT = iphoneos;
				SWIFT_ACTIVE_COMPILATION_CONDITIONS = DEBUG;
				SWIFT_OPTIMIZATION_LEVEL = "-Onone";
			};
			name = Debug;
		};
		6580DE57264C144A00EC8EB9 /* Release */ = {
			isa = XCBuildConfiguration;
			buildSettings = {
				ALWAYS_SEARCH_USER_PATHS = NO;
				CLANG_ANALYZER_NONNULL = YES;
				CLANG_ANALYZER_NUMBER_OBJECT_CONVERSION = YES_AGGRESSIVE;
				CLANG_CXX_LANGUAGE_STANDARD = "gnu++14";
				CLANG_CXX_LIBRARY = "libc++";
				CLANG_ENABLE_MODULES = YES;
				CLANG_ENABLE_OBJC_ARC = YES;
				CLANG_ENABLE_OBJC_WEAK = YES;
				CLANG_WARN_BLOCK_CAPTURE_AUTORELEASING = YES;
				CLANG_WARN_BOOL_CONVERSION = YES;
				CLANG_WARN_COMMA = YES;
				CLANG_WARN_CONSTANT_CONVERSION = YES;
				CLANG_WARN_DEPRECATED_OBJC_IMPLEMENTATIONS = YES;
				CLANG_WARN_DIRECT_OBJC_ISA_USAGE = YES_ERROR;
				CLANG_WARN_DOCUMENTATION_COMMENTS = YES;
				CLANG_WARN_EMPTY_BODY = YES;
				CLANG_WARN_ENUM_CONVERSION = YES;
				CLANG_WARN_INFINITE_RECURSION = YES;
				CLANG_WARN_INT_CONVERSION = YES;
				CLANG_WARN_NON_LITERAL_NULL_CONVERSION = YES;
				CLANG_WARN_OBJC_IMPLICIT_RETAIN_SELF = YES;
				CLANG_WARN_OBJC_LITERAL_CONVERSION = YES;
				CLANG_WARN_OBJC_ROOT_CLASS = YES_ERROR;
				CLANG_WARN_QUOTED_INCLUDE_IN_FRAMEWORK_HEADER = YES;
				CLANG_WARN_RANGE_LOOP_ANALYSIS = YES;
				CLANG_WARN_STRICT_PROTOTYPES = YES;
				CLANG_WARN_SUSPICIOUS_MOVE = YES;
				CLANG_WARN_UNGUARDED_AVAILABILITY = YES_AGGRESSIVE;
				CLANG_WARN_UNREACHABLE_CODE = YES;
				CLANG_WARN__DUPLICATE_METHOD_MATCH = YES;
				COPY_PHASE_STRIP = NO;
				DEBUG_INFORMATION_FORMAT = "dwarf-with-dsym";
				ENABLE_NS_ASSERTIONS = NO;
				ENABLE_STRICT_OBJC_MSGSEND = YES;
				GCC_C_LANGUAGE_STANDARD = gnu11;
				GCC_NO_COMMON_BLOCKS = YES;
				GCC_WARN_64_TO_32_BIT_CONVERSION = YES;
				GCC_WARN_ABOUT_RETURN_TYPE = YES_ERROR;
				GCC_WARN_UNDECLARED_SELECTOR = YES;
				GCC_WARN_UNINITIALIZED_AUTOS = YES_AGGRESSIVE;
				GCC_WARN_UNUSED_FUNCTION = YES;
				GCC_WARN_UNUSED_VARIABLE = YES;
				IPHONEOS_DEPLOYMENT_TARGET = 14.5;
				MTL_ENABLE_DEBUG_INFO = NO;
				MTL_FAST_MATH = YES;
				SDKROOT = iphoneos;
				SWIFT_COMPILATION_MODE = wholemodule;
				SWIFT_OPTIMIZATION_LEVEL = "-O";
				VALIDATE_PRODUCT = YES;
			};
			name = Release;
		};
		6580DE59264C144A00EC8EB9 /* Debug */ = {
			isa = XCBuildConfiguration;
			baseConfigurationReference = 4AEC4B8AF8EAE14E73611C2A /* Pods-SwiftDataAcquisition.debug.xcconfig */;
			buildSettings = {
				ASSETCATALOG_COMPILER_APPICON_NAME = AppIcon;
				ASSETCATALOG_COMPILER_GLOBAL_ACCENT_COLOR_NAME = AccentColor;
				CODE_SIGN_STYLE = Automatic;
				INFOPLIST_FILE = SwiftDataAcquisition/Info.plist;
				LD_RUNPATH_SEARCH_PATHS = (
					"$(inherited)",
					"@executable_path/Frameworks",
				);
				PRODUCT_BUNDLE_IDENTIFIER = KvB.SwiftDataAcquisition;
				PRODUCT_NAME = "$(TARGET_NAME)";
				SWIFT_VERSION = 5.0;
				TARGETED_DEVICE_FAMILY = "1,2";
			};
			name = Debug;
		};
		6580DE5A264C144A00EC8EB9 /* Release */ = {
			isa = XCBuildConfiguration;
			baseConfigurationReference = 46371620BD58896A3A4DE3EF /* Pods-SwiftDataAcquisition.release.xcconfig */;
			buildSettings = {
				ASSETCATALOG_COMPILER_APPICON_NAME = AppIcon;
				ASSETCATALOG_COMPILER_GLOBAL_ACCENT_COLOR_NAME = AccentColor;
				CODE_SIGN_STYLE = Automatic;
				INFOPLIST_FILE = SwiftDataAcquisition/Info.plist;
				LD_RUNPATH_SEARCH_PATHS = (
					"$(inherited)",
					"@executable_path/Frameworks",
				);
				PRODUCT_BUNDLE_IDENTIFIER = KvB.SwiftDataAcquisition;
				PRODUCT_NAME = "$(TARGET_NAME)";
				SWIFT_VERSION = 5.0;
				TARGETED_DEVICE_FAMILY = "1,2";
			};
			name = Release;
		};
/* End XCBuildConfiguration section */

/* Begin XCConfigurationList section */
		6580DE3F264C144900EC8EB9 /* Build configuration list for PBXProject "SwiftDataAcquisition" */ = {
			isa = XCConfigurationList;
			buildConfigurations = (
				6580DE56264C144A00EC8EB9 /* Debug */,
				6580DE57264C144A00EC8EB9 /* Release */,
			);
			defaultConfigurationIsVisible = 0;
			defaultConfigurationName = Release;
		};
		6580DE58264C144A00EC8EB9 /* Build configuration list for PBXNativeTarget "SwiftDataAcquisition" */ = {
			isa = XCConfigurationList;
			buildConfigurations = (
				6580DE59264C144A00EC8EB9 /* Debug */,
				6580DE5A264C144A00EC8EB9 /* Release */,
			);
			defaultConfigurationIsVisible = 0;
			defaultConfigurationName = Release;
		};
/* End XCConfigurationList section */
	};
	rootObject = 6580DE3C264C144900EC8EB9 /* Project object */;
}
